
Microsoft Visual Studio Solution File, Format Version 12.00
# Visual Studio Version 17
VisualStudioVersion = 17.10.35013.160
MinimumVisualStudioVersion = 10.0.40219.1
Project("{FAE04EC0-301F-11D3-BF4B-00C04F79EFBC}") = "Patterns", "..\Patterns\Patterns.csproj", "{F662B892-AE8F-46C0-BAD5-6832F64144E0}"
EndProject
Global
	GlobalSection(SolutionConfigurationPlatforms) = preSolution
		Debug|Any CPU = Debug|Any CPU
		Release|Any CPU = Release|Any CPU
	EndGlobalSection
	GlobalSection(ProjectConfigurationPlatforms) = postSolution
		{F662B892-AE8F-46C0-BAD5-6832F64144E0}.Debug|Any CPU.ActiveCfg = Debug|Any CPU
		{F662B892-AE8F-46C0-BAD5-6832F64144E0}.Debug|Any CPU.Build.0 = Debug|Any CPU
		{F662B892-AE8F-46C0-BAD5-6832F64144E0}.Release|Any CPU.ActiveCfg = Release|Any CPU
		{F662B892-AE8F-46C0-BAD5-6832F64144E0}.Release|Any CPU.Build.0 = Release|Any CPU
	EndGlobalSection
	GlobalSection(SolutionProperties) = preSolution
		HideSolutionNode = FALSE
	EndGlobalSection
	GlobalSection(ExtensibilityGlobals) = postSolution
		SolutionGuid = {4E8C1D70-B45F-4996-8E3E-3B98AC7DA786}
	EndGlobalSection
EndGlobal
